
Microsoft Visual Studio Solution File, Format Version 12.00
# Visual Studio Version 17
VisualStudioVersion = 17.12.35506.116
MinimumVisualStudioVersion = 10.0.40219.1
Project("{FAE04EC0-301F-11D3-BF4B-00C04F79EFBC}") = "BulkyProductApp", "BulkyProductApp\BulkyProductApp.csproj", "{FD2BEE92-E244-4E72-8F07-EBC5B29B5708}"
	ProjectSection(ProjectDependencies) = postProject
		{2F65627A-32CB-424B-8AE6-EF12CCB35216} = {2F65627A-32CB-424B-8AE6-EF12CCB35216}
		{4E48EA64-8F4A-47F9-9C43-D64E2141F513} = {4E48EA64-8F4A-47F9-9C43-D64E2141F513}
		{79D591FA-EC18-4FEA-A31A-108971D6998A} = {79D591FA-EC18-4FEA-A31A-108971D6998A}
	EndProjectSection
EndProject
Project("{FAE04EC0-301F-11D3-BF4B-00C04F79EFBC}") = "Bulky.DataAccess", "Bulky.DataAccess\Bulky.DataAccess.csproj", "{79D591FA-EC18-4FEA-A31A-108971D6998A}"
	ProjectSection(ProjectDependencies) = postProject
		{2F65627A-32CB-424B-8AE6-EF12CCB35216} = {2F65627A-32CB-424B-8AE6-EF12CCB35216}
	EndProjectSection
EndProject
Project("{FAE04EC0-301F-11D3-BF4B-00C04F79EFBC}") = "Bulky.Models", "Bulky.Models\Bulky.Models.csproj", "{2F65627A-32CB-424B-8AE6-EF12CCB35216}"
	ProjectSection(ProjectDependencies) = postProject
		{4E48EA64-8F4A-47F9-9C43-D64E2141F513} = {4E48EA64-8F4A-47F9-9C43-D64E2141F513}
	EndProjectSection
EndProject
Project("{FAE04EC0-301F-11D3-BF4B-00C04F79EFBC}") = "Bulky.Utilities", "Bulky.Utilities\Bulky.Utilities.csproj", "{4E48EA64-8F4A-47F9-9C43-D64E2141F513}"
EndProject
Global
	GlobalSection(SolutionConfigurationPlatforms) = preSolution
		Debug|Any CPU = Debug|Any CPU
		Release|Any CPU = Release|Any CPU
	EndGlobalSection
	GlobalSection(ProjectConfigurationPlatforms) = postSolution
		{FD2BEE92-E244-4E72-8F07-EBC5B29B5708}.Debug|Any CPU.ActiveCfg = Debug|Any CPU
		{FD2BEE92-E244-4E72-8F07-EBC5B29B5708}.Debug|Any CPU.Build.0 = Debug|Any CPU
		{FD2BEE92-E244-4E72-8F07-EBC5B29B5708}.Release|Any CPU.ActiveCfg = Release|Any CPU
		{FD2BEE92-E244-4E72-8F07-EBC5B29B5708}.Release|Any CPU.Build.0 = Release|Any CPU
		{79D591FA-EC18-4FEA-A31A-108971D6998A}.Debug|Any CPU.ActiveCfg = Debug|Any CPU
		{79D591FA-EC18-4FEA-A31A-108971D6998A}.Debug|Any CPU.Build.0 = Debug|Any CPU
		{79D591FA-EC18-4FEA-A31A-108971D6998A}.Release|Any CPU.ActiveCfg = Release|Any CPU
		{79D591FA-EC18-4FEA-A31A-108971D6998A}.Release|Any CPU.Build.0 = Release|Any CPU
		{2F65627A-32CB-424B-8AE6-EF12CCB35216}.Debug|Any CPU.ActiveCfg = Debug|Any CPU
		{2F65627A-32CB-424B-8AE6-EF12CCB35216}.Debug|Any CPU.Build.0 = Debug|Any CPU
		{2F65627A-32CB-424B-8AE6-EF12CCB35216}.Release|Any CPU.ActiveCfg = Release|Any CPU
		{2F65627A-32CB-424B-8AE6-EF12CCB35216}.Release|Any CPU.Build.0 = Release|Any CPU
		{4E48EA64-8F4A-47F9-9C43-D64E2141F513}.Debug|Any CPU.ActiveCfg = Debug|Any CPU
		{4E48EA64-8F4A-47F9-9C43-D64E2141F513}.Debug|Any CPU.Build.0 = Debug|Any CPU
		{4E48EA64-8F4A-47F9-9C43-D64E2141F513}.Release|Any CPU.ActiveCfg = Release|Any CPU
		{4E48EA64-8F4A-47F9-9C43-D64E2141F513}.Release|Any CPU.Build.0 = Release|Any CPU
	EndGlobalSection
	GlobalSection(SolutionProperties) = preSolution
		HideSolutionNode = FALSE
	EndGlobalSection
EndGlobal
